
Microsoft Visual Studio Solution File, Format Version 12.00
# Visual Studio Version 17
VisualStudioVersion = 17.5.33414.496
MinimumVisualStudioVersion = 10.0.40219.1
Project("{2150E333-8FDC-42A3-9474-1A3956D46DE8}") = "Server", "Server", "{0A8073BC-90C9-4CB2-8BBD-486595397785}"
EndProject
Project("{2150E333-8FDC-42A3-9474-1A3956D46DE8}") = "Client", "Client", "{69DFDB2F-67E9-4F90-897D-7DE7272E33A8}"
EndProject
Project("{2150E333-8FDC-42A3-9474-1A3956D46DE8}") = "Solution", "Solution", "{8116A59C-2925-46B6-A476-B3695DBCC65F}"
	ProjectSection(SolutionItems) = preProject
		README.md = README.md
		RmSolution.RmGeo.3.1.csproj = RmSolution.RmGeo.3.1.csproj
	EndProjectSection
EndProject
Project("{9A19103F-16F7-4668-BE54-9A1E7A4F7556}") = "RmSolution.Runtime", "Server\RmSolution.Runtime\RmSolution.Runtime.csproj", "{B0CE73CC-8A95-4FE0-A892-3216A10ED143}"
EndProject
Project("{9A19103F-16F7-4668-BE54-9A1E7A4F7556}") = "RmSolution.Server", "Server\RmSolution.Server\RmSolution.Server.csproj", "{4A02BD38-F612-46D0-968B-9BC324E9A312}"
	ProjectSection(ProjectDependencies) = postProject
		{78171706-E132-4E39-AB6D-0F9B6DD19736} = {78171706-E132-4E39-AB6D-0F9B6DD19736}
	EndProjectSection
EndProject
Project("{2150E333-8FDC-42A3-9474-1A3956D46DE8}") = "Modules", "Modules", "{4F2BCB6D-9588-4290-A5D7-7B61C0AF7300}"
EndProject
Project("{9A19103F-16F7-4668-BE54-9A1E7A4F7556}") = "RmSolution.Data", "Modules\RmSolution.Data\RmSolution.Data.csproj", "{5618ECA6-3201-4EC4-8072-1077335DA7A1}"
EndProject
Project("{2150E333-8FDC-42A3-9474-1A3956D46DE8}") = "Database", "Database", "{776EEEA8-3CBD-4E10-A70E-F3A0482A70A1}"
EndProject
Project("{9A19103F-16F7-4668-BE54-9A1E7A4F7556}") = "RmSolution.FactorySuite", "Server\RmSolution.FactorySuite\RmSolution.FactorySuite.csproj", "{01B849F4-767A-4AAF-9A4E-FE1966587565}"
EndProject
Project("{9A19103F-16F7-4668-BE54-9A1E7A4F7556}") = "RmSolution.MsSql", "Server\RmSolution.MsSql\RmSolution.MsSql.csproj", "{24D08A56-0FC1-48C3-8C1B-A176EF58EE34}"
EndProject
Project("{9A19103F-16F7-4668-BE54-9A1E7A4F7556}") = "RmSolution.PostgreSql", "Server\RmSolution.PostgreSql\RmSolution.PostgreSql.csproj", "{6D0E6D09-1876-47C2-8163-D981287B1F6B}"
EndProject
Project("{9A19103F-16F7-4668-BE54-9A1E7A4F7556}") = "RmSolution.GeoCom", "Modules\RmSolution.GeoCom\RmSolution.GeoCom.csproj", "{D3592E19-2C64-4000-8EAD-4851D05B1BC8}"
EndProject
Project("{2150E333-8FDC-42A3-9474-1A3956D46DE8}") = "Resources", "Resources", "{92D640F8-D444-466C-8344-589B08C18F19}"
EndProject
Project("{9A19103F-16F7-4668-BE54-9A1E7A4F7556}") = "RmSolution.resources.ru", "Resources\RmSolution.resources.ru\RmSolution.resources.ru.csproj", "{8775121A-70C7-427B-8411-C081454FDE37}"
EndProject
Project("{9A19103F-16F7-4668-BE54-9A1E7A4F7556}") = "RmSolution.resources.en", "Resources\RmSolution.resources.en\RmSolution.resources.en.csproj", "{7F67F596-6891-4980-BE13-95725CBFF299}"
EndProject
Project("{2150E333-8FDC-42A3-9474-1A3956D46DE8}") = "config", "config", "{0ACF6D04-C67D-4738-BDDA-A1F51915EA4B}"
	ProjectSection(SolutionItems) = preProject
		Server\config\[Content_Types].xml = Server\config\[Content_Types].xml
	EndProjectSection
EndProject
Project("{2150E333-8FDC-42A3-9474-1A3956D46DE8}") = "Tools", "Tools", "{2E970C9A-4357-4E90-A03E-443125CA6F71}"
EndProject
Project("{9A19103F-16F7-4668-BE54-9A1E7A4F7556}") = "Pack", "Tools\Pack\Pack.csproj", "{78171706-E132-4E39-AB6D-0F9B6DD19736}"
EndProject
Project("{2150E333-8FDC-42A3-9474-1A3956D46DE8}") = "catalogs", "catalogs", "{B34654F6-B305-4FB3-B79E-B5F800BDA7DA}"
	ProjectSection(SolutionItems) = preProject
		Server\config\catalogs\equipments.xml = Server\config\catalogs\equipments.xml
		Server\config\catalogs\geobjects.xml = Server\config\catalogs\geobjects.xml
	EndProjectSection
EndProject
Project("{2150E333-8FDC-42A3-9474-1A3956D46DE8}") = "system", "system", "{20700DA3-CED8-47DD-83BD-9ED4FC801E08}"
	ProjectSection(SolutionItems) = preProject
		Server\config\system\base.xml = Server\config\system\base.xml
		Server\config\system\users.xml = Server\config\system\users.xml
	EndProjectSection
EndProject
Project("{9A19103F-16F7-4668-BE54-9A1E7A4F7556}") = "RmSolution.DataAccess", "Modules\RmSolution.DataAccess\RmSolution.DataAccess.csproj", "{9E7B0A9A-B25D-4BD0-89CA-320DDA23301D}"
EndProject
Project("{9A19103F-16F7-4668-BE54-9A1E7A4F7556}") = "RmSolution.Web", "Client\RmSolution.Web\RmSolution.Web.csproj", "{C495E4ED-4373-4338-B444-839A032A357F}"
EndProject
Project("{2150E333-8FDC-42A3-9474-1A3956D46DE8}") = "Deployment", "Deployment", "{94829F9B-3BFF-4023-9090-F339797AD03E}"
EndProject
Project("{FAE04EC0-301F-11D3-BF4B-00C04F79EFBC}") = "RmSolution.Installer", "Deployment\RmSolution.Installer\RmSolution.Installer.csproj", "{D3FADF61-2462-4EAE-8BC5-53DEC7A9206D}"
EndProject
Project("{9A19103F-16F7-4668-BE54-9A1E7A4F7556}") = "RmSolution.Cyclops.AspNet", "Client\RmSolution.Cyclops.AspNet\RmSolution.Cyclops.AspNet.csproj", "{E427E00E-3F92-41B5-8CDA-56E5FAC10E27}"
EndProject
Project("{2150E333-8FDC-42A3-9474-1A3956D46DE8}") = "Tests", "Tests", "{F37A4907-32E6-4F3B-BA2A-6B6542F0B245}"
EndProject
Project("{9A19103F-16F7-4668-BE54-9A1E7A4F7556}") = "RmSolution.Testing", "Tests\RmSolution.Testing\RmSolution.Testing.csproj", "{AA162D40-DD7A-441B-89EB-FD831BD481D4}"
EndProject
Project("{9A19103F-16F7-4668-BE54-9A1E7A4F7556}") = "RmSolution.Cyclops", "Client\RmSolution.Cyclops\RmSolution.Cyclops.csproj", "{DE259B60-0A77-46D8-9306-788D70881D75}"
EndProject
Project("{9A19103F-16F7-4668-BE54-9A1E7A4F7556}") = "RmSolution.Maintenance", "Modules\RmSolution.Maintenance\RmSolution.Maintenance.csproj", "{6576102D-0885-4D0C-A4DF-4F7F14BBBCAA}"
EndProject
Project("{FAE04EC0-301F-11D3-BF4B-00C04F79EFBC}") = "Visitool", "Tools\Visitool\Visitool.csproj", "{65BF8CC7-B800-4378-998D-4FCA4CDCB8AB}"
EndProject
Global
	GlobalSection(SolutionConfigurationPlatforms) = preSolution
		Debug|Any CPU = Debug|Any CPU
		Debug|ARM = Debug|ARM
		Debug|ARM64 = Debug|ARM64
		Debug|x64 = Debug|x64
		Debug|x86 = Debug|x86
		Release|Any CPU = Release|Any CPU
		Release|ARM = Release|ARM
		Release|ARM64 = Release|ARM64
		Release|x64 = Release|x64
		Release|x86 = Release|x86
	EndGlobalSection
	GlobalSection(ProjectConfigurationPlatforms) = postSolution
		{B0CE73CC-8A95-4FE0-A892-3216A10ED143}.Debug|Any CPU.ActiveCfg = Debug|Any CPU
		{B0CE73CC-8A95-4FE0-A892-3216A10ED143}.Debug|Any CPU.Build.0 = Debug|Any CPU
		{B0CE73CC-8A95-4FE0-A892-3216A10ED143}.Debug|ARM.ActiveCfg = Debug|Any CPU
		{B0CE73CC-8A95-4FE0-A892-3216A10ED143}.Debug|ARM.Build.0 = Debug|Any CPU
		{B0CE73CC-8A95-4FE0-A892-3216A10ED143}.Debug|ARM64.ActiveCfg = Debug|Any CPU
		{B0CE73CC-8A95-4FE0-A892-3216A10ED143}.Debug|ARM64.Build.0 = Debug|Any CPU
		{B0CE73CC-8A95-4FE0-A892-3216A10ED143}.Debug|x64.ActiveCfg = Debug|Any CPU
		{B0CE73CC-8A95-4FE0-A892-3216A10ED143}.Debug|x64.Build.0 = Debug|Any CPU
		{B0CE73CC-8A95-4FE0-A892-3216A10ED143}.Debug|x86.ActiveCfg = Debug|Any CPU
		{B0CE73CC-8A95-4FE0-A892-3216A10ED143}.Debug|x86.Build.0 = Debug|Any CPU
		{B0CE73CC-8A95-4FE0-A892-3216A10ED143}.Release|Any CPU.ActiveCfg = Release|Any CPU
		{B0CE73CC-8A95-4FE0-A892-3216A10ED143}.Release|Any CPU.Build.0 = Release|Any CPU
		{B0CE73CC-8A95-4FE0-A892-3216A10ED143}.Release|ARM.ActiveCfg = Release|Any CPU
		{B0CE73CC-8A95-4FE0-A892-3216A10ED143}.Release|ARM.Build.0 = Release|Any CPU
		{B0CE73CC-8A95-4FE0-A892-3216A10ED143}.Release|ARM64.ActiveCfg = Release|Any CPU
		{B0CE73CC-8A95-4FE0-A892-3216A10ED143}.Release|ARM64.Build.0 = Release|Any CPU
		{B0CE73CC-8A95-4FE0-A892-3216A10ED143}.Release|x64.ActiveCfg = Release|Any CPU
		{B0CE73CC-8A95-4FE0-A892-3216A10ED143}.Release|x64.Build.0 = Release|Any CPU
		{B0CE73CC-8A95-4FE0-A892-3216A10ED143}.Release|x86.ActiveCfg = Release|Any CPU
		{B0CE73CC-8A95-4FE0-A892-3216A10ED143}.Release|x86.Build.0 = Release|Any CPU
		{4A02BD38-F612-46D0-968B-9BC324E9A312}.Debug|Any CPU.ActiveCfg = Debug|Any CPU
		{4A02BD38-F612-46D0-968B-9BC324E9A312}.Debug|Any CPU.Build.0 = Debug|Any CPU
		{4A02BD38-F612-46D0-968B-9BC324E9A312}.Debug|ARM.ActiveCfg = Debug|Any CPU
		{4A02BD38-F612-46D0-968B-9BC324E9A312}.Debug|ARM.Build.0 = Debug|Any CPU
		{4A02BD38-F612-46D0-968B-9BC324E9A312}.Debug|ARM64.ActiveCfg = Debug|Any CPU
		{4A02BD38-F612-46D0-968B-9BC324E9A312}.Debug|ARM64.Build.0 = Debug|Any CPU
		{4A02BD38-F612-46D0-968B-9BC324E9A312}.Debug|x64.ActiveCfg = Debug|Any CPU
		{4A02BD38-F612-46D0-968B-9BC324E9A312}.Debug|x64.Build.0 = Debug|Any CPU
		{4A02BD38-F612-46D0-968B-9BC324E9A312}.Debug|x86.ActiveCfg = Debug|Any CPU
		{4A02BD38-F612-46D0-968B-9BC324E9A312}.Debug|x86.Build.0 = Debug|Any CPU
		{4A02BD38-F612-46D0-968B-9BC324E9A312}.Release|Any CPU.ActiveCfg = Release|Any CPU
		{4A02BD38-F612-46D0-968B-9BC324E9A312}.Release|Any CPU.Build.0 = Release|Any CPU
		{4A02BD38-F612-46D0-968B-9BC324E9A312}.Release|ARM.ActiveCfg = Release|Any CPU
		{4A02BD38-F612-46D0-968B-9BC324E9A312}.Release|ARM.Build.0 = Release|Any CPU
		{4A02BD38-F612-46D0-968B-9BC324E9A312}.Release|ARM64.ActiveCfg = Release|Any CPU
		{4A02BD38-F612-46D0-968B-9BC324E9A312}.Release|ARM64.Build.0 = Release|Any CPU
		{4A02BD38-F612-46D0-968B-9BC324E9A312}.Release|x64.ActiveCfg = Release|Any CPU
		{4A02BD38-F612-46D0-968B-9BC324E9A312}.Release|x64.Build.0 = Release|Any CPU
		{4A02BD38-F612-46D0-968B-9BC324E9A312}.Release|x86.ActiveCfg = Release|Any CPU
		{4A02BD38-F612-46D0-968B-9BC324E9A312}.Release|x86.Build.0 = Release|Any CPU
		{5618ECA6-3201-4EC4-8072-1077335DA7A1}.Debug|Any CPU.ActiveCfg = Debug|Any CPU
		{5618ECA6-3201-4EC4-8072-1077335DA7A1}.Debug|Any CPU.Build.0 = Debug|Any CPU
		{5618ECA6-3201-4EC4-8072-1077335DA7A1}.Debug|ARM.ActiveCfg = Debug|Any CPU
		{5618ECA6-3201-4EC4-8072-1077335DA7A1}.Debug|ARM.Build.0 = Debug|Any CPU
		{5618ECA6-3201-4EC4-8072-1077335DA7A1}.Debug|ARM64.ActiveCfg = Debug|Any CPU
		{5618ECA6-3201-4EC4-8072-1077335DA7A1}.Debug|ARM64.Build.0 = Debug|Any CPU
		{5618ECA6-3201-4EC4-8072-1077335DA7A1}.Debug|x64.ActiveCfg = Debug|Any CPU
		{5618ECA6-3201-4EC4-8072-1077335DA7A1}.Debug|x64.Build.0 = Debug|Any CPU
		{5618ECA6-3201-4EC4-8072-1077335DA7A1}.Debug|x86.ActiveCfg = Debug|Any CPU
		{5618ECA6-3201-4EC4-8072-1077335DA7A1}.Debug|x86.Build.0 = Debug|Any CPU
		{5618ECA6-3201-4EC4-8072-1077335DA7A1}.Release|Any CPU.ActiveCfg = Release|Any CPU
		{5618ECA6-3201-4EC4-8072-1077335DA7A1}.Release|Any CPU.Build.0 = Release|Any CPU
		{5618ECA6-3201-4EC4-8072-1077335DA7A1}.Release|ARM.ActiveCfg = Release|Any CPU
		{5618ECA6-3201-4EC4-8072-1077335DA7A1}.Release|ARM.Build.0 = Release|Any CPU
		{5618ECA6-3201-4EC4-8072-1077335DA7A1}.Release|ARM64.ActiveCfg = Release|Any CPU
		{5618ECA6-3201-4EC4-8072-1077335DA7A1}.Release|ARM64.Build.0 = Release|Any CPU
		{5618ECA6-3201-4EC4-8072-1077335DA7A1}.Release|x64.ActiveCfg = Release|Any CPU
		{5618ECA6-3201-4EC4-8072-1077335DA7A1}.Release|x64.Build.0 = Release|Any CPU
		{5618ECA6-3201-4EC4-8072-1077335DA7A1}.Release|x86.ActiveCfg = Release|Any CPU
		{5618ECA6-3201-4EC4-8072-1077335DA7A1}.Release|x86.Build.0 = Release|Any CPU
		{01B849F4-767A-4AAF-9A4E-FE1966587565}.Debug|Any CPU.ActiveCfg = Debug|Any CPU
		{01B849F4-767A-4AAF-9A4E-FE1966587565}.Debug|Any CPU.Build.0 = Debug|Any CPU
		{01B849F4-767A-4AAF-9A4E-FE1966587565}.Debug|ARM.ActiveCfg = Debug|Any CPU
		{01B849F4-767A-4AAF-9A4E-FE1966587565}.Debug|ARM.Build.0 = Debug|Any CPU
		{01B849F4-767A-4AAF-9A4E-FE1966587565}.Debug|ARM64.ActiveCfg = Debug|Any CPU
		{01B849F4-767A-4AAF-9A4E-FE1966587565}.Debug|ARM64.Build.0 = Debug|Any CPU
		{01B849F4-767A-4AAF-9A4E-FE1966587565}.Debug|x64.ActiveCfg = Debug|Any CPU
		{01B849F4-767A-4AAF-9A4E-FE1966587565}.Debug|x64.Build.0 = Debug|Any CPU
		{01B849F4-767A-4AAF-9A4E-FE1966587565}.Debug|x86.ActiveCfg = Debug|Any CPU
		{01B849F4-767A-4AAF-9A4E-FE1966587565}.Debug|x86.Build.0 = Debug|Any CPU
		{01B849F4-767A-4AAF-9A4E-FE1966587565}.Release|Any CPU.ActiveCfg = Release|Any CPU
		{01B849F4-767A-4AAF-9A4E-FE1966587565}.Release|Any CPU.Build.0 = Release|Any CPU
		{01B849F4-767A-4AAF-9A4E-FE1966587565}.Release|ARM.ActiveCfg = Release|Any CPU
		{01B849F4-767A-4AAF-9A4E-FE1966587565}.Release|ARM.Build.0 = Release|Any CPU
		{01B849F4-767A-4AAF-9A4E-FE1966587565}.Release|ARM64.ActiveCfg = Release|Any CPU
		{01B849F4-767A-4AAF-9A4E-FE1966587565}.Release|ARM64.Build.0 = Release|Any CPU
		{01B849F4-767A-4AAF-9A4E-FE1966587565}.Release|x64.ActiveCfg = Release|Any CPU
		{01B849F4-767A-4AAF-9A4E-FE1966587565}.Release|x64.Build.0 = Release|Any CPU
		{01B849F4-767A-4AAF-9A4E-FE1966587565}.Release|x86.ActiveCfg = Release|Any CPU
		{01B849F4-767A-4AAF-9A4E-FE1966587565}.Release|x86.Build.0 = Release|Any CPU
		{24D08A56-0FC1-48C3-8C1B-A176EF58EE34}.Debug|Any CPU.ActiveCfg = Debug|Any CPU
		{24D08A56-0FC1-48C3-8C1B-A176EF58EE34}.Debug|Any CPU.Build.0 = Debug|Any CPU
		{24D08A56-0FC1-48C3-8C1B-A176EF58EE34}.Debug|ARM.ActiveCfg = Debug|Any CPU
		{24D08A56-0FC1-48C3-8C1B-A176EF58EE34}.Debug|ARM.Build.0 = Debug|Any CPU
		{24D08A56-0FC1-48C3-8C1B-A176EF58EE34}.Debug|ARM64.ActiveCfg = Debug|Any CPU
		{24D08A56-0FC1-48C3-8C1B-A176EF58EE34}.Debug|ARM64.Build.0 = Debug|Any CPU
		{24D08A56-0FC1-48C3-8C1B-A176EF58EE34}.Debug|x64.ActiveCfg = Debug|Any CPU
		{24D08A56-0FC1-48C3-8C1B-A176EF58EE34}.Debug|x64.Build.0 = Debug|Any CPU
		{24D08A56-0FC1-48C3-8C1B-A176EF58EE34}.Debug|x86.ActiveCfg = Debug|Any CPU
		{24D08A56-0FC1-48C3-8C1B-A176EF58EE34}.Debug|x86.Build.0 = Debug|Any CPU
		{24D08A56-0FC1-48C3-8C1B-A176EF58EE34}.Release|Any CPU.ActiveCfg = Release|Any CPU
		{24D08A56-0FC1-48C3-8C1B-A176EF58EE34}.Release|Any CPU.Build.0 = Release|Any CPU
		{24D08A56-0FC1-48C3-8C1B-A176EF58EE34}.Release|ARM.ActiveCfg = Release|Any CPU
		{24D08A56-0FC1-48C3-8C1B-A176EF58EE34}.Release|ARM.Build.0 = Release|Any CPU
		{24D08A56-0FC1-48C3-8C1B-A176EF58EE34}.Release|ARM64.ActiveCfg = Release|Any CPU
		{24D08A56-0FC1-48C3-8C1B-A176EF58EE34}.Release|ARM64.Build.0 = Release|Any CPU
		{24D08A56-0FC1-48C3-8C1B-A176EF58EE34}.Release|x64.ActiveCfg = Release|Any CPU
		{24D08A56-0FC1-48C3-8C1B-A176EF58EE34}.Release|x64.Build.0 = Release|Any CPU
		{24D08A56-0FC1-48C3-8C1B-A176EF58EE34}.Release|x86.ActiveCfg = Release|Any CPU
		{24D08A56-0FC1-48C3-8C1B-A176EF58EE34}.Release|x86.Build.0 = Release|Any CPU
		{6D0E6D09-1876-47C2-8163-D981287B1F6B}.Debug|Any CPU.ActiveCfg = Debug|Any CPU
		{6D0E6D09-1876-47C2-8163-D981287B1F6B}.Debug|Any CPU.Build.0 = Debug|Any CPU
		{6D0E6D09-1876-47C2-8163-D981287B1F6B}.Debug|ARM.ActiveCfg = Debug|Any CPU
		{6D0E6D09-1876-47C2-8163-D981287B1F6B}.Debug|ARM.Build.0 = Debug|Any CPU
		{6D0E6D09-1876-47C2-8163-D981287B1F6B}.Debug|ARM64.ActiveCfg = Debug|Any CPU
		{6D0E6D09-1876-47C2-8163-D981287B1F6B}.Debug|ARM64.Build.0 = Debug|Any CPU
		{6D0E6D09-1876-47C2-8163-D981287B1F6B}.Debug|x64.ActiveCfg = Debug|Any CPU
		{6D0E6D09-1876-47C2-8163-D981287B1F6B}.Debug|x64.Build.0 = Debug|Any CPU
		{6D0E6D09-1876-47C2-8163-D981287B1F6B}.Debug|x86.ActiveCfg = Debug|Any CPU
		{6D0E6D09-1876-47C2-8163-D981287B1F6B}.Debug|x86.Build.0 = Debug|Any CPU
		{6D0E6D09-1876-47C2-8163-D981287B1F6B}.Release|Any CPU.ActiveCfg = Release|Any CPU
		{6D0E6D09-1876-47C2-8163-D981287B1F6B}.Release|Any CPU.Build.0 = Release|Any CPU
		{6D0E6D09-1876-47C2-8163-D981287B1F6B}.Release|ARM.ActiveCfg = Release|Any CPU
		{6D0E6D09-1876-47C2-8163-D981287B1F6B}.Release|ARM.Build.0 = Release|Any CPU
		{6D0E6D09-1876-47C2-8163-D981287B1F6B}.Release|ARM64.ActiveCfg = Release|Any CPU
		{6D0E6D09-1876-47C2-8163-D981287B1F6B}.Release|ARM64.Build.0 = Release|Any CPU
		{6D0E6D09-1876-47C2-8163-D981287B1F6B}.Release|x64.ActiveCfg = Release|Any CPU
		{6D0E6D09-1876-47C2-8163-D981287B1F6B}.Release|x64.Build.0 = Release|Any CPU
		{6D0E6D09-1876-47C2-8163-D981287B1F6B}.Release|x86.ActiveCfg = Release|Any CPU
		{6D0E6D09-1876-47C2-8163-D981287B1F6B}.Release|x86.Build.0 = Release|Any CPU
		{D3592E19-2C64-4000-8EAD-4851D05B1BC8}.Debug|Any CPU.ActiveCfg = Debug|Any CPU
		{D3592E19-2C64-4000-8EAD-4851D05B1BC8}.Debug|Any CPU.Build.0 = Debug|Any CPU
		{D3592E19-2C64-4000-8EAD-4851D05B1BC8}.Debug|ARM.ActiveCfg = Debug|Any CPU
		{D3592E19-2C64-4000-8EAD-4851D05B1BC8}.Debug|ARM.Build.0 = Debug|Any CPU
		{D3592E19-2C64-4000-8EAD-4851D05B1BC8}.Debug|ARM64.ActiveCfg = Debug|Any CPU
		{D3592E19-2C64-4000-8EAD-4851D05B1BC8}.Debug|ARM64.Build.0 = Debug|Any CPU
		{D3592E19-2C64-4000-8EAD-4851D05B1BC8}.Debug|x64.ActiveCfg = Debug|Any CPU
		{D3592E19-2C64-4000-8EAD-4851D05B1BC8}.Debug|x64.Build.0 = Debug|Any CPU
		{D3592E19-2C64-4000-8EAD-4851D05B1BC8}.Debug|x86.ActiveCfg = Debug|Any CPU
		{D3592E19-2C64-4000-8EAD-4851D05B1BC8}.Debug|x86.Build.0 = Debug|Any CPU
		{D3592E19-2C64-4000-8EAD-4851D05B1BC8}.Release|Any CPU.ActiveCfg = Release|Any CPU
		{D3592E19-2C64-4000-8EAD-4851D05B1BC8}.Release|Any CPU.Build.0 = Release|Any CPU
		{D3592E19-2C64-4000-8EAD-4851D05B1BC8}.Release|ARM.ActiveCfg = Release|Any CPU
		{D3592E19-2C64-4000-8EAD-4851D05B1BC8}.Release|ARM.Build.0 = Release|Any CPU
		{D3592E19-2C64-4000-8EAD-4851D05B1BC8}.Release|ARM64.ActiveCfg = Release|Any CPU
		{D3592E19-2C64-4000-8EAD-4851D05B1BC8}.Release|ARM64.Build.0 = Release|Any CPU
		{D3592E19-2C64-4000-8EAD-4851D05B1BC8}.Release|x64.ActiveCfg = Release|Any CPU
		{D3592E19-2C64-4000-8EAD-4851D05B1BC8}.Release|x64.Build.0 = Release|Any CPU
		{D3592E19-2C64-4000-8EAD-4851D05B1BC8}.Release|x86.ActiveCfg = Release|Any CPU
		{D3592E19-2C64-4000-8EAD-4851D05B1BC8}.Release|x86.Build.0 = Release|Any CPU
		{8775121A-70C7-427B-8411-C081454FDE37}.Debug|Any CPU.ActiveCfg = Debug|Any CPU
		{8775121A-70C7-427B-8411-C081454FDE37}.Debug|Any CPU.Build.0 = Debug|Any CPU
		{8775121A-70C7-427B-8411-C081454FDE37}.Debug|ARM.ActiveCfg = Debug|Any CPU
		{8775121A-70C7-427B-8411-C081454FDE37}.Debug|ARM.Build.0 = Debug|Any CPU
		{8775121A-70C7-427B-8411-C081454FDE37}.Debug|ARM64.ActiveCfg = Debug|Any CPU
		{8775121A-70C7-427B-8411-C081454FDE37}.Debug|ARM64.Build.0 = Debug|Any CPU
		{8775121A-70C7-427B-8411-C081454FDE37}.Debug|x64.ActiveCfg = Debug|Any CPU
		{8775121A-70C7-427B-8411-C081454FDE37}.Debug|x64.Build.0 = Debug|Any CPU
		{8775121A-70C7-427B-8411-C081454FDE37}.Debug|x86.ActiveCfg = Debug|Any CPU
		{8775121A-70C7-427B-8411-C081454FDE37}.Debug|x86.Build.0 = Debug|Any CPU
		{8775121A-70C7-427B-8411-C081454FDE37}.Release|Any CPU.ActiveCfg = Release|Any CPU
		{8775121A-70C7-427B-8411-C081454FDE37}.Release|Any CPU.Build.0 = Release|Any CPU
		{8775121A-70C7-427B-8411-C081454FDE37}.Release|ARM.ActiveCfg = Release|Any CPU
		{8775121A-70C7-427B-8411-C081454FDE37}.Release|ARM.Build.0 = Release|Any CPU
		{8775121A-70C7-427B-8411-C081454FDE37}.Release|ARM64.ActiveCfg = Release|Any CPU
		{8775121A-70C7-427B-8411-C081454FDE37}.Release|ARM64.Build.0 = Release|Any CPU
		{8775121A-70C7-427B-8411-C081454FDE37}.Release|x64.ActiveCfg = Release|Any CPU
		{8775121A-70C7-427B-8411-C081454FDE37}.Release|x64.Build.0 = Release|Any CPU
		{8775121A-70C7-427B-8411-C081454FDE37}.Release|x86.ActiveCfg = Release|Any CPU
		{8775121A-70C7-427B-8411-C081454FDE37}.Release|x86.Build.0 = Release|Any CPU
		{7F67F596-6891-4980-BE13-95725CBFF299}.Debug|Any CPU.ActiveCfg = Debug|Any CPU
		{7F67F596-6891-4980-BE13-95725CBFF299}.Debug|Any CPU.Build.0 = Debug|Any CPU
		{7F67F596-6891-4980-BE13-95725CBFF299}.Debug|ARM.ActiveCfg = Debug|Any CPU
		{7F67F596-6891-4980-BE13-95725CBFF299}.Debug|ARM.Build.0 = Debug|Any CPU
		{7F67F596-6891-4980-BE13-95725CBFF299}.Debug|ARM64.ActiveCfg = Debug|Any CPU
		{7F67F596-6891-4980-BE13-95725CBFF299}.Debug|ARM64.Build.0 = Debug|Any CPU
		{7F67F596-6891-4980-BE13-95725CBFF299}.Debug|x64.ActiveCfg = Debug|Any CPU
		{7F67F596-6891-4980-BE13-95725CBFF299}.Debug|x64.Build.0 = Debug|Any CPU
		{7F67F596-6891-4980-BE13-95725CBFF299}.Debug|x86.ActiveCfg = Debug|Any CPU
		{7F67F596-6891-4980-BE13-95725CBFF299}.Debug|x86.Build.0 = Debug|Any CPU
		{7F67F596-6891-4980-BE13-95725CBFF299}.Release|Any CPU.ActiveCfg = Release|Any CPU
		{7F67F596-6891-4980-BE13-95725CBFF299}.Release|Any CPU.Build.0 = Release|Any CPU
		{7F67F596-6891-4980-BE13-95725CBFF299}.Release|ARM.ActiveCfg = Release|Any CPU
		{7F67F596-6891-4980-BE13-95725CBFF299}.Release|ARM.Build.0 = Release|Any CPU
		{7F67F596-6891-4980-BE13-95725CBFF299}.Release|ARM64.ActiveCfg = Release|Any CPU
		{7F67F596-6891-4980-BE13-95725CBFF299}.Release|ARM64.Build.0 = Release|Any CPU
		{7F67F596-6891-4980-BE13-95725CBFF299}.Release|x64.ActiveCfg = Release|Any CPU
		{7F67F596-6891-4980-BE13-95725CBFF299}.Release|x64.Build.0 = Release|Any CPU
		{7F67F596-6891-4980-BE13-95725CBFF299}.Release|x86.ActiveCfg = Release|Any CPU
		{7F67F596-6891-4980-BE13-95725CBFF299}.Release|x86.Build.0 = Release|Any CPU
		{78171706-E132-4E39-AB6D-0F9B6DD19736}.Debug|Any CPU.ActiveCfg = Debug|Any CPU
		{78171706-E132-4E39-AB6D-0F9B6DD19736}.Debug|Any CPU.Build.0 = Debug|Any CPU
		{78171706-E132-4E39-AB6D-0F9B6DD19736}.Debug|ARM.ActiveCfg = Debug|Any CPU
		{78171706-E132-4E39-AB6D-0F9B6DD19736}.Debug|ARM.Build.0 = Debug|Any CPU
		{78171706-E132-4E39-AB6D-0F9B6DD19736}.Debug|ARM64.ActiveCfg = Debug|Any CPU
		{78171706-E132-4E39-AB6D-0F9B6DD19736}.Debug|ARM64.Build.0 = Debug|Any CPU
		{78171706-E132-4E39-AB6D-0F9B6DD19736}.Debug|x64.ActiveCfg = Debug|Any CPU
		{78171706-E132-4E39-AB6D-0F9B6DD19736}.Debug|x64.Build.0 = Debug|Any CPU
		{78171706-E132-4E39-AB6D-0F9B6DD19736}.Debug|x86.ActiveCfg = Debug|Any CPU
		{78171706-E132-4E39-AB6D-0F9B6DD19736}.Debug|x86.Build.0 = Debug|Any CPU
		{78171706-E132-4E39-AB6D-0F9B6DD19736}.Release|Any CPU.ActiveCfg = Release|Any CPU
		{78171706-E132-4E39-AB6D-0F9B6DD19736}.Release|Any CPU.Build.0 = Release|Any CPU
		{78171706-E132-4E39-AB6D-0F9B6DD19736}.Release|ARM.ActiveCfg = Release|Any CPU
		{78171706-E132-4E39-AB6D-0F9B6DD19736}.Release|ARM.Build.0 = Release|Any CPU
		{78171706-E132-4E39-AB6D-0F9B6DD19736}.Release|ARM64.ActiveCfg = Release|Any CPU
		{78171706-E132-4E39-AB6D-0F9B6DD19736}.Release|ARM64.Build.0 = Release|Any CPU
		{78171706-E132-4E39-AB6D-0F9B6DD19736}.Release|x64.ActiveCfg = Release|Any CPU
		{78171706-E132-4E39-AB6D-0F9B6DD19736}.Release|x64.Build.0 = Release|Any CPU
		{78171706-E132-4E39-AB6D-0F9B6DD19736}.Release|x86.ActiveCfg = Release|Any CPU
		{78171706-E132-4E39-AB6D-0F9B6DD19736}.Release|x86.Build.0 = Release|Any CPU
		{9E7B0A9A-B25D-4BD0-89CA-320DDA23301D}.Debug|Any CPU.ActiveCfg = Debug|Any CPU
		{9E7B0A9A-B25D-4BD0-89CA-320DDA23301D}.Debug|Any CPU.Build.0 = Debug|Any CPU
		{9E7B0A9A-B25D-4BD0-89CA-320DDA23301D}.Debug|ARM.ActiveCfg = Debug|Any CPU
		{9E7B0A9A-B25D-4BD0-89CA-320DDA23301D}.Debug|ARM.Build.0 = Debug|Any CPU
		{9E7B0A9A-B25D-4BD0-89CA-320DDA23301D}.Debug|ARM64.ActiveCfg = Debug|Any CPU
		{9E7B0A9A-B25D-4BD0-89CA-320DDA23301D}.Debug|ARM64.Build.0 = Debug|Any CPU
		{9E7B0A9A-B25D-4BD0-89CA-320DDA23301D}.Debug|x64.ActiveCfg = Debug|Any CPU
		{9E7B0A9A-B25D-4BD0-89CA-320DDA23301D}.Debug|x64.Build.0 = Debug|Any CPU
		{9E7B0A9A-B25D-4BD0-89CA-320DDA23301D}.Debug|x86.ActiveCfg = Debug|Any CPU
		{9E7B0A9A-B25D-4BD0-89CA-320DDA23301D}.Debug|x86.Build.0 = Debug|Any CPU
		{9E7B0A9A-B25D-4BD0-89CA-320DDA23301D}.Release|Any CPU.ActiveCfg = Release|Any CPU
		{9E7B0A9A-B25D-4BD0-89CA-320DDA23301D}.Release|Any CPU.Build.0 = Release|Any CPU
		{9E7B0A9A-B25D-4BD0-89CA-320DDA23301D}.Release|ARM.ActiveCfg = Release|Any CPU
		{9E7B0A9A-B25D-4BD0-89CA-320DDA23301D}.Release|ARM.Build.0 = Release|Any CPU
		{9E7B0A9A-B25D-4BD0-89CA-320DDA23301D}.Release|ARM64.ActiveCfg = Release|Any CPU
		{9E7B0A9A-B25D-4BD0-89CA-320DDA23301D}.Release|ARM64.Build.0 = Release|Any CPU
		{9E7B0A9A-B25D-4BD0-89CA-320DDA23301D}.Release|x64.ActiveCfg = Release|Any CPU
		{9E7B0A9A-B25D-4BD0-89CA-320DDA23301D}.Release|x64.Build.0 = Release|Any CPU
		{9E7B0A9A-B25D-4BD0-89CA-320DDA23301D}.Release|x86.ActiveCfg = Release|Any CPU
		{9E7B0A9A-B25D-4BD0-89CA-320DDA23301D}.Release|x86.Build.0 = Release|Any CPU
		{C495E4ED-4373-4338-B444-839A032A357F}.Debug|Any CPU.ActiveCfg = Debug|Any CPU
		{C495E4ED-4373-4338-B444-839A032A357F}.Debug|Any CPU.Build.0 = Debug|Any CPU
		{C495E4ED-4373-4338-B444-839A032A357F}.Debug|ARM.ActiveCfg = Debug|Any CPU
		{C495E4ED-4373-4338-B444-839A032A357F}.Debug|ARM.Build.0 = Debug|Any CPU
		{C495E4ED-4373-4338-B444-839A032A357F}.Debug|ARM64.ActiveCfg = Debug|Any CPU
		{C495E4ED-4373-4338-B444-839A032A357F}.Debug|ARM64.Build.0 = Debug|Any CPU
		{C495E4ED-4373-4338-B444-839A032A357F}.Debug|x64.ActiveCfg = Debug|Any CPU
		{C495E4ED-4373-4338-B444-839A032A357F}.Debug|x64.Build.0 = Debug|Any CPU
		{C495E4ED-4373-4338-B444-839A032A357F}.Debug|x86.ActiveCfg = Debug|Any CPU
		{C495E4ED-4373-4338-B444-839A032A357F}.Debug|x86.Build.0 = Debug|Any CPU
		{C495E4ED-4373-4338-B444-839A032A357F}.Release|Any CPU.ActiveCfg = Release|Any CPU
		{C495E4ED-4373-4338-B444-839A032A357F}.Release|Any CPU.Build.0 = Release|Any CPU
		{C495E4ED-4373-4338-B444-839A032A357F}.Release|ARM.ActiveCfg = Release|Any CPU
		{C495E4ED-4373-4338-B444-839A032A357F}.Release|ARM.Build.0 = Release|Any CPU
		{C495E4ED-4373-4338-B444-839A032A357F}.Release|ARM64.ActiveCfg = Release|Any CPU
		{C495E4ED-4373-4338-B444-839A032A357F}.Release|ARM64.Build.0 = Release|Any CPU
		{C495E4ED-4373-4338-B444-839A032A357F}.Release|x64.ActiveCfg = Release|Any CPU
		{C495E4ED-4373-4338-B444-839A032A357F}.Release|x64.Build.0 = Release|Any CPU
		{C495E4ED-4373-4338-B444-839A032A357F}.Release|x86.ActiveCfg = Release|Any CPU
		{C495E4ED-4373-4338-B444-839A032A357F}.Release|x86.Build.0 = Release|Any CPU
		{D3FADF61-2462-4EAE-8BC5-53DEC7A9206D}.Debug|Any CPU.ActiveCfg = Debug|Any CPU
		{D3FADF61-2462-4EAE-8BC5-53DEC7A9206D}.Debug|Any CPU.Build.0 = Debug|Any CPU
		{D3FADF61-2462-4EAE-8BC5-53DEC7A9206D}.Debug|ARM.ActiveCfg = Debug|Any CPU
		{D3FADF61-2462-4EAE-8BC5-53DEC7A9206D}.Debug|ARM.Build.0 = Debug|Any CPU
		{D3FADF61-2462-4EAE-8BC5-53DEC7A9206D}.Debug|ARM64.ActiveCfg = Debug|Any CPU
		{D3FADF61-2462-4EAE-8BC5-53DEC7A9206D}.Debug|ARM64.Build.0 = Debug|Any CPU
		{D3FADF61-2462-4EAE-8BC5-53DEC7A9206D}.Debug|x64.ActiveCfg = Debug|Any CPU
		{D3FADF61-2462-4EAE-8BC5-53DEC7A9206D}.Debug|x64.Build.0 = Debug|Any CPU
		{D3FADF61-2462-4EAE-8BC5-53DEC7A9206D}.Debug|x86.ActiveCfg = Debug|Any CPU
		{D3FADF61-2462-4EAE-8BC5-53DEC7A9206D}.Debug|x86.Build.0 = Debug|Any CPU
		{D3FADF61-2462-4EAE-8BC5-53DEC7A9206D}.Release|Any CPU.ActiveCfg = Release|Any CPU
		{D3FADF61-2462-4EAE-8BC5-53DEC7A9206D}.Release|Any CPU.Build.0 = Release|Any CPU
		{D3FADF61-2462-4EAE-8BC5-53DEC7A9206D}.Release|ARM.ActiveCfg = Release|Any CPU
		{D3FADF61-2462-4EAE-8BC5-53DEC7A9206D}.Release|ARM.Build.0 = Release|Any CPU
		{D3FADF61-2462-4EAE-8BC5-53DEC7A9206D}.Release|ARM64.ActiveCfg = Release|Any CPU
		{D3FADF61-2462-4EAE-8BC5-53DEC7A9206D}.Release|ARM64.Build.0 = Release|Any CPU
		{D3FADF61-2462-4EAE-8BC5-53DEC7A9206D}.Release|x64.ActiveCfg = Release|Any CPU
		{D3FADF61-2462-4EAE-8BC5-53DEC7A9206D}.Release|x64.Build.0 = Release|Any CPU
		{D3FADF61-2462-4EAE-8BC5-53DEC7A9206D}.Release|x86.ActiveCfg = Release|Any CPU
		{D3FADF61-2462-4EAE-8BC5-53DEC7A9206D}.Release|x86.Build.0 = Release|Any CPU
		{E427E00E-3F92-41B5-8CDA-56E5FAC10E27}.Debug|Any CPU.ActiveCfg = Debug|Any CPU
		{E427E00E-3F92-41B5-8CDA-56E5FAC10E27}.Debug|Any CPU.Build.0 = Debug|Any CPU
		{E427E00E-3F92-41B5-8CDA-56E5FAC10E27}.Debug|ARM.ActiveCfg = Debug|Any CPU
		{E427E00E-3F92-41B5-8CDA-56E5FAC10E27}.Debug|ARM.Build.0 = Debug|Any CPU
		{E427E00E-3F92-41B5-8CDA-56E5FAC10E27}.Debug|ARM64.ActiveCfg = Debug|Any CPU
		{E427E00E-3F92-41B5-8CDA-56E5FAC10E27}.Debug|ARM64.Build.0 = Debug|Any CPU
		{E427E00E-3F92-41B5-8CDA-56E5FAC10E27}.Debug|x64.ActiveCfg = Debug|Any CPU
		{E427E00E-3F92-41B5-8CDA-56E5FAC10E27}.Debug|x64.Build.0 = Debug|Any CPU
		{E427E00E-3F92-41B5-8CDA-56E5FAC10E27}.Debug|x86.ActiveCfg = Debug|Any CPU
		{E427E00E-3F92-41B5-8CDA-56E5FAC10E27}.Debug|x86.Build.0 = Debug|Any CPU
		{E427E00E-3F92-41B5-8CDA-56E5FAC10E27}.Release|Any CPU.ActiveCfg = Release|Any CPU
		{E427E00E-3F92-41B5-8CDA-56E5FAC10E27}.Release|Any CPU.Build.0 = Release|Any CPU
		{E427E00E-3F92-41B5-8CDA-56E5FAC10E27}.Release|ARM.ActiveCfg = Release|Any CPU
		{E427E00E-3F92-41B5-8CDA-56E5FAC10E27}.Release|ARM.Build.0 = Release|Any CPU
		{E427E00E-3F92-41B5-8CDA-56E5FAC10E27}.Release|ARM64.ActiveCfg = Release|Any CPU
		{E427E00E-3F92-41B5-8CDA-56E5FAC10E27}.Release|ARM64.Build.0 = Release|Any CPU
		{E427E00E-3F92-41B5-8CDA-56E5FAC10E27}.Release|x64.ActiveCfg = Release|Any CPU
		{E427E00E-3F92-41B5-8CDA-56E5FAC10E27}.Release|x64.Build.0 = Release|Any CPU
		{E427E00E-3F92-41B5-8CDA-56E5FAC10E27}.Release|x86.ActiveCfg = Release|Any CPU
		{E427E00E-3F92-41B5-8CDA-56E5FAC10E27}.Release|x86.Build.0 = Release|Any CPU
		{AA162D40-DD7A-441B-89EB-FD831BD481D4}.Debug|Any CPU.ActiveCfg = Debug|Any CPU
		{AA162D40-DD7A-441B-89EB-FD831BD481D4}.Debug|Any CPU.Build.0 = Debug|Any CPU
		{AA162D40-DD7A-441B-89EB-FD831BD481D4}.Debug|ARM.ActiveCfg = Debug|Any CPU
		{AA162D40-DD7A-441B-89EB-FD831BD481D4}.Debug|ARM.Build.0 = Debug|Any CPU
		{AA162D40-DD7A-441B-89EB-FD831BD481D4}.Debug|ARM64.ActiveCfg = Debug|Any CPU
		{AA162D40-DD7A-441B-89EB-FD831BD481D4}.Debug|ARM64.Build.0 = Debug|Any CPU
		{AA162D40-DD7A-441B-89EB-FD831BD481D4}.Debug|x64.ActiveCfg = Debug|Any CPU
		{AA162D40-DD7A-441B-89EB-FD831BD481D4}.Debug|x64.Build.0 = Debug|Any CPU
		{AA162D40-DD7A-441B-89EB-FD831BD481D4}.Debug|x86.ActiveCfg = Debug|Any CPU
		{AA162D40-DD7A-441B-89EB-FD831BD481D4}.Debug|x86.Build.0 = Debug|Any CPU
		{AA162D40-DD7A-441B-89EB-FD831BD481D4}.Release|Any CPU.ActiveCfg = Release|Any CPU
		{AA162D40-DD7A-441B-89EB-FD831BD481D4}.Release|Any CPU.Build.0 = Release|Any CPU
		{AA162D40-DD7A-441B-89EB-FD831BD481D4}.Release|ARM.ActiveCfg = Release|Any CPU
		{AA162D40-DD7A-441B-89EB-FD831BD481D4}.Release|ARM.Build.0 = Release|Any CPU
		{AA162D40-DD7A-441B-89EB-FD831BD481D4}.Release|ARM64.ActiveCfg = Release|Any CPU
		{AA162D40-DD7A-441B-89EB-FD831BD481D4}.Release|ARM64.Build.0 = Release|Any CPU
		{AA162D40-DD7A-441B-89EB-FD831BD481D4}.Release|x64.ActiveCfg = Release|Any CPU
		{AA162D40-DD7A-441B-89EB-FD831BD481D4}.Release|x64.Build.0 = Release|Any CPU
		{AA162D40-DD7A-441B-89EB-FD831BD481D4}.Release|x86.ActiveCfg = Release|Any CPU
		{AA162D40-DD7A-441B-89EB-FD831BD481D4}.Release|x86.Build.0 = Release|Any CPU
		{DE259B60-0A77-46D8-9306-788D70881D75}.Debug|Any CPU.ActiveCfg = Debug|Any CPU
		{DE259B60-0A77-46D8-9306-788D70881D75}.Debug|Any CPU.Build.0 = Debug|Any CPU
		{DE259B60-0A77-46D8-9306-788D70881D75}.Debug|ARM.ActiveCfg = Debug|Any CPU
		{DE259B60-0A77-46D8-9306-788D70881D75}.Debug|ARM.Build.0 = Debug|Any CPU
		{DE259B60-0A77-46D8-9306-788D70881D75}.Debug|ARM64.ActiveCfg = Debug|Any CPU
		{DE259B60-0A77-46D8-9306-788D70881D75}.Debug|ARM64.Build.0 = Debug|Any CPU
		{DE259B60-0A77-46D8-9306-788D70881D75}.Debug|x64.ActiveCfg = Debug|Any CPU
		{DE259B60-0A77-46D8-9306-788D70881D75}.Debug|x64.Build.0 = Debug|Any CPU
		{DE259B60-0A77-46D8-9306-788D70881D75}.Debug|x86.ActiveCfg = Debug|Any CPU
		{DE259B60-0A77-46D8-9306-788D70881D75}.Debug|x86.Build.0 = Debug|Any CPU
		{DE259B60-0A77-46D8-9306-788D70881D75}.Release|Any CPU.ActiveCfg = Release|Any CPU
		{DE259B60-0A77-46D8-9306-788D70881D75}.Release|Any CPU.Build.0 = Release|Any CPU
		{DE259B60-0A77-46D8-9306-788D70881D75}.Release|ARM.ActiveCfg = Release|Any CPU
		{DE259B60-0A77-46D8-9306-788D70881D75}.Release|ARM.Build.0 = Release|Any CPU
		{DE259B60-0A77-46D8-9306-788D70881D75}.Release|ARM64.ActiveCfg = Release|Any CPU
		{DE259B60-0A77-46D8-9306-788D70881D75}.Release|ARM64.Build.0 = Release|Any CPU
		{DE259B60-0A77-46D8-9306-788D70881D75}.Release|x64.ActiveCfg = Release|Any CPU
		{DE259B60-0A77-46D8-9306-788D70881D75}.Release|x64.Build.0 = Release|Any CPU
		{DE259B60-0A77-46D8-9306-788D70881D75}.Release|x86.ActiveCfg = Release|Any CPU
		{DE259B60-0A77-46D8-9306-788D70881D75}.Release|x86.Build.0 = Release|Any CPU
		{6576102D-0885-4D0C-A4DF-4F7F14BBBCAA}.Debug|Any CPU.ActiveCfg = Debug|Any CPU
		{6576102D-0885-4D0C-A4DF-4F7F14BBBCAA}.Debug|Any CPU.Build.0 = Debug|Any CPU
		{6576102D-0885-4D0C-A4DF-4F7F14BBBCAA}.Debug|ARM.ActiveCfg = Debug|Any CPU
		{6576102D-0885-4D0C-A4DF-4F7F14BBBCAA}.Debug|ARM.Build.0 = Debug|Any CPU
		{6576102D-0885-4D0C-A4DF-4F7F14BBBCAA}.Debug|ARM64.ActiveCfg = Debug|Any CPU
		{6576102D-0885-4D0C-A4DF-4F7F14BBBCAA}.Debug|ARM64.Build.0 = Debug|Any CPU
		{6576102D-0885-4D0C-A4DF-4F7F14BBBCAA}.Debug|x64.ActiveCfg = Debug|Any CPU
		{6576102D-0885-4D0C-A4DF-4F7F14BBBCAA}.Debug|x64.Build.0 = Debug|Any CPU
		{6576102D-0885-4D0C-A4DF-4F7F14BBBCAA}.Debug|x86.ActiveCfg = Debug|Any CPU
		{6576102D-0885-4D0C-A4DF-4F7F14BBBCAA}.Debug|x86.Build.0 = Debug|Any CPU
		{6576102D-0885-4D0C-A4DF-4F7F14BBBCAA}.Release|Any CPU.ActiveCfg = Release|Any CPU
		{6576102D-0885-4D0C-A4DF-4F7F14BBBCAA}.Release|Any CPU.Build.0 = Release|Any CPU
		{6576102D-0885-4D0C-A4DF-4F7F14BBBCAA}.Release|ARM.ActiveCfg = Release|Any CPU
		{6576102D-0885-4D0C-A4DF-4F7F14BBBCAA}.Release|ARM.Build.0 = Release|Any CPU
		{6576102D-0885-4D0C-A4DF-4F7F14BBBCAA}.Release|ARM64.ActiveCfg = Release|Any CPU
		{6576102D-0885-4D0C-A4DF-4F7F14BBBCAA}.Release|ARM64.Build.0 = Release|Any CPU
		{6576102D-0885-4D0C-A4DF-4F7F14BBBCAA}.Release|x64.ActiveCfg = Release|Any CPU
		{6576102D-0885-4D0C-A4DF-4F7F14BBBCAA}.Release|x64.Build.0 = Release|Any CPU
		{6576102D-0885-4D0C-A4DF-4F7F14BBBCAA}.Release|x86.ActiveCfg = Release|Any CPU
		{6576102D-0885-4D0C-A4DF-4F7F14BBBCAA}.Release|x86.Build.0 = Release|Any CPU
		{65BF8CC7-B800-4378-998D-4FCA4CDCB8AB}.Debug|Any CPU.ActiveCfg = Debug|Any CPU
		{65BF8CC7-B800-4378-998D-4FCA4CDCB8AB}.Debug|Any CPU.Build.0 = Debug|Any CPU
		{65BF8CC7-B800-4378-998D-4FCA4CDCB8AB}.Debug|ARM.ActiveCfg = Debug|Any CPU
		{65BF8CC7-B800-4378-998D-4FCA4CDCB8AB}.Debug|ARM.Build.0 = Debug|Any CPU
		{65BF8CC7-B800-4378-998D-4FCA4CDCB8AB}.Debug|ARM64.ActiveCfg = Debug|Any CPU
		{65BF8CC7-B800-4378-998D-4FCA4CDCB8AB}.Debug|ARM64.Build.0 = Debug|Any CPU
		{65BF8CC7-B800-4378-998D-4FCA4CDCB8AB}.Debug|x64.ActiveCfg = Debug|Any CPU
		{65BF8CC7-B800-4378-998D-4FCA4CDCB8AB}.Debug|x64.Build.0 = Debug|Any CPU
		{65BF8CC7-B800-4378-998D-4FCA4CDCB8AB}.Debug|x86.ActiveCfg = Debug|Any CPU
		{65BF8CC7-B800-4378-998D-4FCA4CDCB8AB}.Debug|x86.Build.0 = Debug|Any CPU
		{65BF8CC7-B800-4378-998D-4FCA4CDCB8AB}.Release|Any CPU.ActiveCfg = Release|Any CPU
		{65BF8CC7-B800-4378-998D-4FCA4CDCB8AB}.Release|Any CPU.Build.0 = Release|Any CPU
		{65BF8CC7-B800-4378-998D-4FCA4CDCB8AB}.Release|ARM.ActiveCfg = Release|Any CPU
		{65BF8CC7-B800-4378-998D-4FCA4CDCB8AB}.Release|ARM.Build.0 = Release|Any CPU
		{65BF8CC7-B800-4378-998D-4FCA4CDCB8AB}.Release|ARM64.ActiveCfg = Release|Any CPU
		{65BF8CC7-B800-4378-998D-4FCA4CDCB8AB}.Release|ARM64.Build.0 = Release|Any CPU
		{65BF8CC7-B800-4378-998D-4FCA4CDCB8AB}.Release|x64.ActiveCfg = Release|Any CPU
		{65BF8CC7-B800-4378-998D-4FCA4CDCB8AB}.Release|x64.Build.0 = Release|Any CPU
		{65BF8CC7-B800-4378-998D-4FCA4CDCB8AB}.Release|x86.ActiveCfg = Release|Any CPU
		{65BF8CC7-B800-4378-998D-4FCA4CDCB8AB}.Release|x86.Build.0 = Release|Any CPU
	EndGlobalSection
	GlobalSection(SolutionProperties) = preSolution
		HideSolutionNode = FALSE
	EndGlobalSection
	GlobalSection(NestedProjects) = preSolution
		{B0CE73CC-8A95-4FE0-A892-3216A10ED143} = {0A8073BC-90C9-4CB2-8BBD-486595397785}
		{4A02BD38-F612-46D0-968B-9BC324E9A312} = {0A8073BC-90C9-4CB2-8BBD-486595397785}
		{5618ECA6-3201-4EC4-8072-1077335DA7A1} = {4F2BCB6D-9588-4290-A5D7-7B61C0AF7300}
		{776EEEA8-3CBD-4E10-A70E-F3A0482A70A1} = {0A8073BC-90C9-4CB2-8BBD-486595397785}
		{01B849F4-767A-4AAF-9A4E-FE1966587565} = {776EEEA8-3CBD-4E10-A70E-F3A0482A70A1}
		{24D08A56-0FC1-48C3-8C1B-A176EF58EE34} = {776EEEA8-3CBD-4E10-A70E-F3A0482A70A1}
		{6D0E6D09-1876-47C2-8163-D981287B1F6B} = {776EEEA8-3CBD-4E10-A70E-F3A0482A70A1}
		{D3592E19-2C64-4000-8EAD-4851D05B1BC8} = {4F2BCB6D-9588-4290-A5D7-7B61C0AF7300}
		{8775121A-70C7-427B-8411-C081454FDE37} = {92D640F8-D444-466C-8344-589B08C18F19}
		{7F67F596-6891-4980-BE13-95725CBFF299} = {92D640F8-D444-466C-8344-589B08C18F19}
		{0ACF6D04-C67D-4738-BDDA-A1F51915EA4B} = {776EEEA8-3CBD-4E10-A70E-F3A0482A70A1}
		{78171706-E132-4E39-AB6D-0F9B6DD19736} = {2E970C9A-4357-4E90-A03E-443125CA6F71}
		{B34654F6-B305-4FB3-B79E-B5F800BDA7DA} = {0ACF6D04-C67D-4738-BDDA-A1F51915EA4B}
		{20700DA3-CED8-47DD-83BD-9ED4FC801E08} = {0ACF6D04-C67D-4738-BDDA-A1F51915EA4B}
		{9E7B0A9A-B25D-4BD0-89CA-320DDA23301D} = {4F2BCB6D-9588-4290-A5D7-7B61C0AF7300}
		{C495E4ED-4373-4338-B444-839A032A357F} = {69DFDB2F-67E9-4F90-897D-7DE7272E33A8}
		{D3FADF61-2462-4EAE-8BC5-53DEC7A9206D} = {94829F9B-3BFF-4023-9090-F339797AD03E}
		{E427E00E-3F92-41B5-8CDA-56E5FAC10E27} = {69DFDB2F-67E9-4F90-897D-7DE7272E33A8}
		{AA162D40-DD7A-441B-89EB-FD831BD481D4} = {F37A4907-32E6-4F3B-BA2A-6B6542F0B245}
		{DE259B60-0A77-46D8-9306-788D70881D75} = {69DFDB2F-67E9-4F90-897D-7DE7272E33A8}
		{6576102D-0885-4D0C-A4DF-4F7F14BBBCAA} = {4F2BCB6D-9588-4290-A5D7-7B61C0AF7300}
		{65BF8CC7-B800-4378-998D-4FCA4CDCB8AB} = {2E970C9A-4357-4E90-A03E-443125CA6F71}
	EndGlobalSection
	GlobalSection(ExtensibilityGlobals) = postSolution
		SolutionGuid = {C10EADE4-BB39-4C25-851D-2D7C7586C3F5}
	EndGlobalSection
EndGlobal
